// !$*UTF8*$!
{
	archiveVersion = 1;
	classes = {
	};
	objectVersion = 56;
	objects = {

/* Begin PBXBuildFile section */
		E6172B0E2B618219005FA144 /* User.swift in Sources */ = {isa = PBXBuildFile; fileRef = E6172B0D2B618219005FA144 /* User.swift */; };
		E6172B142B61918A005FA144 /* UserCell.swift in Sources */ = {isa = PBXBuildFile; fileRef = E6172B132B61918A005FA144 /* UserCell.swift */; };
		E6172B162B619837005FA144 /* UserListResponse.swift in Sources */ = {isa = PBXBuildFile; fileRef = E6172B152B619837005FA144 /* UserListResponse.swift */; };
		E6172B182B61A5CD005FA144 /* DashboardViewController.swift in Sources */ = {isa = PBXBuildFile; fileRef = E6172B172B61A5CD005FA144 /* DashboardViewController.swift */; };
		E6172B1A2B61C1FB005FA144 /* LoginResponse.swift in Sources */ = {isa = PBXBuildFile; fileRef = E6172B192B61C1FB005FA144 /* LoginResponse.swift */; };
		E6CE244D2B62D95000B28F9B /* RegisterResponse.swift in Sources */ = {isa = PBXBuildFile; fileRef = E6CE244C2B62D95000B28F9B /* RegisterResponse.swift */; };
		E6EA6B462B6017EB0046A00C /* AppDelegate.swift in Sources */ = {isa = PBXBuildFile; fileRef = E6EA6B452B6017EB0046A00C /* AppDelegate.swift */; };
		E6EA6B482B6017EB0046A00C /* SceneDelegate.swift in Sources */ = {isa = PBXBuildFile; fileRef = E6EA6B472B6017EB0046A00C /* SceneDelegate.swift */; };
		E6EA6B4A2B6017EB0046A00C /* ViewController.swift in Sources */ = {isa = PBXBuildFile; fileRef = E6EA6B492B6017EB0046A00C /* ViewController.swift */; };
		E6EA6B4D2B6017EB0046A00C /* Main.storyboard in Resources */ = {isa = PBXBuildFile; fileRef = E6EA6B4B2B6017EB0046A00C /* Main.storyboard */; };
		E6EA6B4F2B6017EE0046A00C /* Assets.xcassets in Resources */ = {isa = PBXBuildFile; fileRef = E6EA6B4E2B6017EE0046A00C /* Assets.xcassets */; };
		E6EA6B522B6017EE0046A00C /* LaunchScreen.storyboard in Resources */ = {isa = PBXBuildFile; fileRef = E6EA6B502B6017EE0046A00C /* LaunchScreen.storyboard */; };
		E6EA6B5D2B602F8B0046A00C /* LogInViewController.swift in Sources */ = {isa = PBXBuildFile; fileRef = E6EA6B5C2B602F8B0046A00C /* LogInViewController.swift */; };
		E6EA6B5F2B602FA90046A00C /* RegisterViewController.swift in Sources */ = {isa = PBXBuildFile; fileRef = E6EA6B5E2B602FA90046A00C /* RegisterViewController.swift */; };
/* End PBXBuildFile section */

/* Begin PBXFileReference section */
		E6172B0D2B618219005FA144 /* User.swift */ = {isa = PBXFileReference; lastKnownFileType = sourcecode.swift; path = User.swift; sourceTree = "<group>"; };
		E6172B132B61918A005FA144 /* UserCell.swift */ = {isa = PBXFileReference; lastKnownFileType = sourcecode.swift; path = UserCell.swift; sourceTree = "<group>"; };
		E6172B152B619837005FA144 /* UserListResponse.swift */ = {isa = PBXFileReference; lastKnownFileType = sourcecode.swift; path = UserListResponse.swift; sourceTree = "<group>"; };
		E6172B172B61A5CD005FA144 /* DashboardViewController.swift */ = {isa = PBXFileReference; lastKnownFileType = sourcecode.swift; path = DashboardViewController.swift; sourceTree = "<group>"; };
		E6172B192B61C1FB005FA144 /* LoginResponse.swift */ = {isa = PBXFileReference; lastKnownFileType = sourcecode.swift; path = LoginResponse.swift; sourceTree = "<group>"; };
		E6CE244C2B62D95000B28F9B /* RegisterResponse.swift */ = {isa = PBXFileReference; lastKnownFileType = sourcecode.swift; path = RegisterResponse.swift; sourceTree = "<group>"; };
		E6EA6B422B6017EB0046A00C /* practiceConsumeAPI.app */ = {isa = PBXFileReference; explicitFileType = wrapper.application; includeInIndex = 0; path = practiceConsumeAPI.app; sourceTree = BUILT_PRODUCTS_DIR; };
		E6EA6B452B6017EB0046A00C /* AppDelegate.swift */ = {isa = PBXFileReference; lastKnownFileType = sourcecode.swift; path = AppDelegate.swift; sourceTree = "<group>"; };
		E6EA6B472B6017EB0046A00C /* SceneDelegate.swift */ = {isa = PBXFileReference; lastKnownFileType = sourcecode.swift; path = SceneDelegate.swift; sourceTree = "<group>"; };
		E6EA6B492B6017EB0046A00C /* ViewController.swift */ = {isa = PBXFileReference; lastKnownFileType = sourcecode.swift; path = ViewController.swift; sourceTree = "<group>"; };
		E6EA6B4C2B6017EB0046A00C /* Base */ = {isa = PBXFileReference; lastKnownFileType = file.storyboard; name = Base; path = Base.lproj/Main.storyboard; sourceTree = "<group>"; };
		E6EA6B4E2B6017EE0046A00C /* Assets.xcassets */ = {isa = PBXFileReference; lastKnownFileType = folder.assetcatalog; path = Assets.xcassets; sourceTree = "<group>"; };
		E6EA6B512B6017EE0046A00C /* Base */ = {isa = PBXFileReference; lastKnownFileType = file.storyboard; name = Base; path = Base.lproj/LaunchScreen.storyboard; sourceTree = "<group>"; };
		E6EA6B532B6017EE0046A00C /* Info.plist */ = {isa = PBXFileReference; lastKnownFileType = text.plist.xml; path = Info.plist; sourceTree = "<group>"; };
		E6EA6B5C2B602F8B0046A00C /* LogInViewController.swift */ = {isa = PBXFileReference; lastKnownFileType = sourcecode.swift; path = LogInViewController.swift; sourceTree = "<group>"; };
		E6EA6B5E2B602FA90046A00C /* RegisterViewController.swift */ = {isa = PBXFileReference; lastKnownFileType = sourcecode.swift; path = RegisterViewController.swift; sourceTree = "<group>"; };
/* End PBXFileReference section */

/* Begin PBXFrameworksBuildPhase section */
		E6EA6B3F2B6017EB0046A00C /* Frameworks */ = {
			isa = PBXFrameworksBuildPhase;
			buildActionMask = 2147483647;
			files = (
			);
			runOnlyForDeploymentPostprocessing = 0;
		};
/* End PBXFrameworksBuildPhase section */

/* Begin PBXGroup section */
		E6EA6B392B6017EB0046A00C = {
			isa = PBXGroup;
			children = (
				E6EA6B442B6017EB0046A00C /* practiceConsumeAPI */,
				E6EA6B432B6017EB0046A00C /* Products */,
			);
			sourceTree = "<group>";
		};
		E6EA6B432B6017EB0046A00C /* Products */ = {
			isa = PBXGroup;
			children = (
				E6EA6B422B6017EB0046A00C /* practiceConsumeAPI.app */,
			);
			name = Products;
			sourceTree = "<group>";
		};
		E6EA6B442B6017EB0046A00C /* practiceConsumeAPI */ = {
			isa = PBXGroup;
			children = (
				E6EA6B5B2B6018D20046A00C /* Model */,
				E6EA6B592B6018BD0046A00C /* Controller */,
				E6EA6B5A2B6018C60046A00C /* View */,
				E6EA6B452B6017EB0046A00C /* AppDelegate.swift */,
				E6EA6B472B6017EB0046A00C /* SceneDelegate.swift */,
				E6EA6B4E2B6017EE0046A00C /* Assets.xcassets */,
				E6EA6B502B6017EE0046A00C /* LaunchScreen.storyboard */,
				E6EA6B532B6017EE0046A00C /* Info.plist */,
			);
			path = practiceConsumeAPI;
			sourceTree = "<group>";
		};
		E6EA6B592B6018BD0046A00C /* Controller */ = {
			isa = PBXGroup;
			children = (
				E6EA6B492B6017EB0046A00C /* ViewController.swift */,
				E6EA6B5C2B602F8B0046A00C /* LogInViewController.swift */,
				E6EA6B5E2B602FA90046A00C /* RegisterViewController.swift */,
				E6172B132B61918A005FA144 /* UserCell.swift */,
				E6172B172B61A5CD005FA144 /* DashboardViewController.swift */,
			);
			path = Controller;
			sourceTree = "<group>";
		};
		E6EA6B5A2B6018C60046A00C /* View */ = {
			isa = PBXGroup;
			children = (
				E6EA6B4B2B6017EB0046A00C /* Main.storyboard */,
			);
			path = View;
			sourceTree = "<group>";
		};
		E6EA6B5B2B6018D20046A00C /* Model */ = {
			isa = PBXGroup;
			children = (
				E6172B0D2B618219005FA144 /* User.swift */,
				E6172B152B619837005FA144 /* UserListResponse.swift */,
				E6172B192B61C1FB005FA144 /* LoginResponse.swift */,
				E6CE244C2B62D95000B28F9B /* RegisterResponse.swift */,
			);
			name = Model;
			sourceTree = "<group>";
		};
/* End PBXGroup section */

/* Begin PBXNativeTarget section */
		E6EA6B412B6017EB0046A00C /* practiceConsumeAPI */ = {
			isa = PBXNativeTarget;
			buildConfigurationList = E6EA6B562B6017EE0046A00C /* Build configuration list for PBXNativeTarget "practiceConsumeAPI" */;
			buildPhases = (
				E6EA6B3E2B6017EB0046A00C /* Sources */,
				E6EA6B3F2B6017EB0046A00C /* Frameworks */,
				E6EA6B402B6017EB0046A00C /* Resources */,
			);
			buildRules = (
			);
			dependencies = (
			);
			name = practiceConsumeAPI;
			productName = practiceConsumeAPI;
			productReference = E6EA6B422B6017EB0046A00C /* practiceConsumeAPI.app */;
			productType = "com.apple.product-type.application";
		};
/* End PBXNativeTarget section */

/* Begin PBXProject section */
		E6EA6B3A2B6017EB0046A00C /* Project object */ = {
			isa = PBXProject;
			attributes = {
				BuildIndependentTargetsInParallel = 1;
				LastSwiftUpdateCheck = 1500;
				LastUpgradeCheck = 1500;
				TargetAttributes = {
					E6EA6B412B6017EB0046A00C = {
						CreatedOnToolsVersion = 15.0.1;
					};
				};
			};
			buildConfigurationList = E6EA6B3D2B6017EB0046A00C /* Build configuration list for PBXProject "practiceConsumeAPI" */;
			compatibilityVersion = "Xcode 14.0";
			developmentRegion = en;
			hasScannedForEncodings = 0;
			knownRegions = (
				en,
				Base,
			);
			mainGroup = E6EA6B392B6017EB0046A00C;
			productRefGroup = E6EA6B432B6017EB0046A00C /* Products */;
			projectDirPath = "";
			projectRoot = "";
			targets = (
				E6EA6B412B6017EB0046A00C /* practiceConsumeAPI */,
			);
		};
/* End PBXProject section */

/* Begin PBXResourcesBuildPhase section */
		E6EA6B402B6017EB0046A00C /* Resources */ = {
			isa = PBXResourcesBuildPhase;
			buildActionMask = 2147483647;
			files = (
				E6EA6B522B6017EE0046A00C /* LaunchScreen.storyboard in Resources */,
				E6EA6B4F2B6017EE0046A00C /* Assets.xcassets in Resources */,
				E6EA6B4D2B6017EB0046A00C /* Main.storyboard in Resources */,
			);
			runOnlyForDeploymentPostprocessing = 0;
		};
/* End PBXResourcesBuildPhase section */

/* Begin PBXSourcesBuildPhase section */
		E6EA6B3E2B6017EB0046A00C /* Sources */ = {
			isa = PBXSourcesBuildPhase;
			buildActionMask = 2147483647;
			files = (
				E6EA6B5D2B602F8B0046A00C /* LogInViewController.swift in Sources */,
				E6EA6B5F2B602FA90046A00C /* RegisterViewController.swift in Sources */,
				E6172B0E2B618219005FA144 /* User.swift in Sources */,
				E6172B162B619837005FA144 /* UserListResponse.swift in Sources */,
				E6172B142B61918A005FA144 /* UserCell.swift in Sources */,
				E6EA6B4A2B6017EB0046A00C /* ViewController.swift in Sources */,
				E6172B182B61A5CD005FA144 /* DashboardViewController.swift in Sources */,
				E6EA6B462B6017EB0046A00C /* AppDelegate.swift in Sources */,
				E6CE244D2B62D95000B28F9B /* RegisterResponse.swift in Sources */,
				E6172B1A2B61C1FB005FA144 /* LoginResponse.swift in Sources */,
				E6EA6B482B6017EB0046A00C /* SceneDelegate.swift in Sources */,
			);
			runOnlyForDeploymentPostprocessing = 0;
		};
/* End PBXSourcesBuildPhase section */

/* Begin PBXVariantGroup section */
		E6EA6B4B2B6017EB0046A00C /* Main.storyboard */ = {
			isa = PBXVariantGroup;
			children = (
				E6EA6B4C2B6017EB0046A00C /* Base */,
			);
			name = Main.storyboard;
			sourceTree = "<group>";
		};
		E6EA6B502B6017EE0046A00C /* LaunchScreen.storyboard */ = {
			isa = PBXVariantGroup;
			children = (
				E6EA6B512B6017EE0046A00C /* Base */,
			);
			name = LaunchScreen.storyboard;
			sourceTree = "<group>";
		};
/* End PBXVariantGroup section */

/* Begin XCBuildConfiguration section */
		E6EA6B542B6017EE0046A00C /* Debug */ = {
			isa = XCBuildConfiguration;
			buildSettings = {
				ALWAYS_SEARCH_USER_PATHS = NO;
				ASSETCATALOG_COMPILER_GENERATE_SWIFT_ASSET_SYMBOL_EXTENSIONS = YES;
				CLANG_ANALYZER_NONNULL = YES;
				CLANG_ANALYZER_NUMBER_OBJECT_CONVERSION = YES_AGGRESSIVE;
				CLANG_CXX_LANGUAGE_STANDARD = "gnu++20";
				CLANG_ENABLE_MODULES = YES;
				CLANG_ENABLE_OBJC_ARC = YES;
				CLANG_ENABLE_OBJC_WEAK = YES;
				CLANG_WARN_BLOCK_CAPTURE_AUTORELEASING = YES;
				CLANG_WARN_BOOL_CONVERSION = YES;
				CLANG_WARN_COMMA = YES;
				CLANG_WARN_CONSTANT_CONVERSION = YES;
				CLANG_WARN_DEPRECATED_OBJC_IMPLEMENTATIONS = YES;
				CLANG_WARN_DIRECT_OBJC_ISA_USAGE = YES_ERROR;
				CLANG_WARN_DOCUMENTATION_COMMENTS = YES;
				CLANG_WARN_EMPTY_BODY = YES;
				CLANG_WARN_ENUM_CONVERSION = YES;
				CLANG_WARN_INFINITE_RECURSION = YES;
				CLANG_WARN_INT_CONVERSION = YES;
				CLANG_WARN_NON_LITERAL_NULL_CONVERSION = YES;
				CLANG_WARN_OBJC_IMPLICIT_RETAIN_SELF = YES;
				CLANG_WARN_OBJC_LITERAL_CONVERSION = YES;
				CLANG_WARN_OBJC_ROOT_CLASS = YES_ERROR;
				CLANG_WARN_QUOTED_INCLUDE_IN_FRAMEWORK_HEADER = YES;
				CLANG_WARN_RANGE_LOOP_ANALYSIS = YES;
				CLANG_WARN_STRICT_PROTOTYPES = YES;
				CLANG_WARN_SUSPICIOUS_MOVE = YES;
				CLANG_WARN_UNGUARDED_AVAILABILITY = YES_AGGRESSIVE;
				CLANG_WARN_UNREACHABLE_CODE = YES;
				CLANG_WARN__DUPLICATE_METHOD_MATCH = YES;
				COPY_PHASE_STRIP = NO;
				DEBUG_INFORMATION_FORMAT = dwarf;
				ENABLE_STRICT_OBJC_MSGSEND = YES;
				ENABLE_TESTABILITY = YES;
				ENABLE_USER_SCRIPT_SANDBOXING = YES;
				GCC_C_LANGUAGE_STANDARD = gnu17;
				GCC_DYNAMIC_NO_PIC = NO;
				GCC_NO_COMMON_BLOCKS = YES;
				GCC_OPTIMIZATION_LEVEL = 0;
				GCC_PREPROCESSOR_DEFINITIONS = (
					"DEBUG=1",
					"$(inherited)",
				);
				GCC_WARN_64_TO_32_BIT_CONVERSION = YES;
				GCC_WARN_ABOUT_RETURN_TYPE = YES_ERROR;
				GCC_WARN_UNDECLARED_SELECTOR = YES;
				GCC_WARN_UNINITIALIZED_AUTOS = YES_AGGRESSIVE;
				GCC_WARN_UNUSED_FUNCTION = YES;
				GCC_WARN_UNUSED_VARIABLE = YES;
				IPHONEOS_DEPLOYMENT_TARGET = 17.0;
				LOCALIZATION_PREFERS_STRING_CATALOGS = YES;
				MTL_ENABLE_DEBUG_INFO = INCLUDE_SOURCE;
				MTL_FAST_MATH = YES;
				ONLY_ACTIVE_ARCH = YES;
				SDKROOT = iphoneos;
				SWIFT_ACTIVE_COMPILATION_CONDITIONS = "DEBUG $(inherited)";
				SWIFT_OPTIMIZATION_LEVEL = "-Onone";
			};
			name = Debug;
		};
		E6EA6B552B6017EE0046A00C /* Release */ = {
			isa = XCBuildConfiguration;
			buildSettings = {
				ALWAYS_SEARCH_USER_PATHS = NO;
				ASSETCATALOG_COMPILER_GENERATE_SWIFT_ASSET_SYMBOL_EXTENSIONS = YES;
				CLANG_ANALYZER_NONNULL = YES;
				CLANG_ANALYZER_NUMBER_OBJECT_CONVERSION = YES_AGGRESSIVE;
				CLANG_CXX_LANGUAGE_STANDARD = "gnu++20";
				CLANG_ENABLE_MODULES = YES;
				CLANG_ENABLE_OBJC_ARC = YES;
				CLANG_ENABLE_OBJC_WEAK = YES;
				CLANG_WARN_BLOCK_CAPTURE_AUTORELEASING = YES;
				CLANG_WARN_BOOL_CONVERSION = YES;
				CLANG_WARN_COMMA = YES;
				CLANG_WARN_CONSTANT_CONVERSION = YES;
				CLANG_WARN_DEPRECATED_OBJC_IMPLEMENTATIONS = YES;
				CLANG_WARN_DIRECT_OBJC_ISA_USAGE = YES_ERROR;
				CLANG_WARN_DOCUMENTATION_COMMENTS = YES;
				CLANG_WARN_EMPTY_BODY = YES;
				CLANG_WARN_ENUM_CONVERSION = YES;
				CLANG_WARN_INFINITE_RECURSION = YES;
				CLANG_WARN_INT_CONVERSION = YES;
				CLANG_WARN_NON_LITERAL_NULL_CONVERSION = YES;
				CLANG_WARN_OBJC_IMPLICIT_RETAIN_SELF = YES;
				CLANG_WARN_OBJC_LITERAL_CONVERSION = YES;
				CLANG_WARN_OBJC_ROOT_CLASS = YES_ERROR;
				CLANG_WARN_QUOTED_INCLUDE_IN_FRAMEWORK_HEADER = YES;
				CLANG_WARN_RANGE_LOOP_ANALYSIS = YES;
				CLANG_WARN_STRICT_PROTOTYPES = YES;
				CLANG_WARN_SUSPICIOUS_MOVE = YES;
				CLANG_WARN_UNGUARDED_AVAILABILITY = YES_AGGRESSIVE;
				CLANG_WARN_UNREACHABLE_CODE = YES;
				CLANG_WARN__DUPLICATE_METHOD_MATCH = YES;
				COPY_PHASE_STRIP = NO;
				DEBUG_INFORMATION_FORMAT = "dwarf-with-dsym";
				ENABLE_NS_ASSERTIONS = NO;
				ENABLE_STRICT_OBJC_MSGSEND = YES;
				ENABLE_USER_SCRIPT_SANDBOXING = YES;
				GCC_C_LANGUAGE_STANDARD = gnu17;
				GCC_NO_COMMON_BLOCKS = YES;
				GCC_WARN_64_TO_32_BIT_CONVERSION = YES;
				GCC_WARN_ABOUT_RETURN_TYPE = YES_ERROR;
				GCC_WARN_UNDECLARED_SELECTOR = YES;
				GCC_WARN_UNINITIALIZED_AUTOS = YES_AGGRESSIVE;
				GCC_WARN_UNUSED_FUNCTION = YES;
				GCC_WARN_UNUSED_VARIABLE = YES;
				IPHONEOS_DEPLOYMENT_TARGET = 17.0;
				LOCALIZATION_PREFERS_STRING_CATALOGS = YES;
				MTL_ENABLE_DEBUG_INFO = NO;
				MTL_FAST_MATH = YES;
				SDKROOT = iphoneos;
				SWIFT_COMPILATION_MODE = wholemodule;
				VALIDATE_PRODUCT = YES;
			};
			name = Release;
		};
		E6EA6B572B6017EE0046A00C /* Debug */ = {
			isa = XCBuildConfiguration;
			buildSettings = {
				ASSETCATALOG_COMPILER_APPICON_NAME = AppIcon;
				ASSETCATALOG_COMPILER_GLOBAL_ACCENT_COLOR_NAME = AccentColor;
				CODE_SIGN_STYLE = Automatic;
				CURRENT_PROJECT_VERSION = 1;
				GENERATE_INFOPLIST_FILE = YES;
				INFOPLIST_FILE = practiceConsumeAPI/Info.plist;
				INFOPLIST_KEY_UIApplicationSupportsIndirectInputEvents = YES;
				INFOPLIST_KEY_UILaunchStoryboardName = LaunchScreen;
				INFOPLIST_KEY_UIMainStoryboardFile = Main;
				INFOPLIST_KEY_UISupportedInterfaceOrientations_iPad = "UIInterfaceOrientationPortrait UIInterfaceOrientationPortraitUpsideDown UIInterfaceOrientationLandscapeLeft UIInterfaceOrientationLandscapeRight";
				INFOPLIST_KEY_UISupportedInterfaceOrientations_iPhone = "UIInterfaceOrientationPortrait UIInterfaceOrientationLandscapeLeft UIInterfaceOrientationLandscapeRight";
				LD_RUNPATH_SEARCH_PATHS = (
					"$(inherited)",
					"@executable_path/Frameworks",
				);
				MARKETING_VERSION = 1.0;
				PRODUCT_BUNDLE_IDENTIFIER = com.adriangarcia.practiceConsumeAPI;
				PRODUCT_NAME = "$(TARGET_NAME)";
				SWIFT_EMIT_LOC_STRINGS = YES;
				SWIFT_VERSION = 5.0;
				TARGETED_DEVICE_FAMILY = "1,2";
			};
			name = Debug;
		};
		E6EA6B582B6017EE0046A00C /* Release */ = {
			isa = XCBuildConfiguration;
			buildSettings = {
				ASSETCATALOG_COMPILER_APPICON_NAME = AppIcon;
				ASSETCATALOG_COMPILER_GLOBAL_ACCENT_COLOR_NAME = AccentColor;
				CODE_SIGN_STYLE = Automatic;
				CURRENT_PROJECT_VERSION = 1;
				GENERATE_INFOPLIST_FILE = YES;
				INFOPLIST_FILE = practiceConsumeAPI/Info.plist;
				INFOPLIST_KEY_UIApplicationSupportsIndirectInputEvents = YES;
				INFOPLIST_KEY_UILaunchStoryboardName = LaunchScreen;
				INFOPLIST_KEY_UIMainStoryboardFile = Main;
				INFOPLIST_KEY_UISupportedInterfaceOrientations_iPad = "UIInterfaceOrientationPortrait UIInterfaceOrientationPortraitUpsideDown UIInterfaceOrientationLandscapeLeft UIInterfaceOrientationLandscapeRight";
				INFOPLIST_KEY_UISupportedInterfaceOrientations_iPhone = "UIInterfaceOrientationPortrait UIInterfaceOrientationLandscapeLeft UIInterfaceOrientationLandscapeRight";
				LD_RUNPATH_SEARCH_PATHS = (
					"$(inherited)",
					"@executable_path/Frameworks",
				);
				MARKETING_VERSION = 1.0;
				PRODUCT_BUNDLE_IDENTIFIER = com.adriangarcia.practiceConsumeAPI;
				PRODUCT_NAME = "$(TARGET_NAME)";
				SWIFT_EMIT_LOC_STRINGS = YES;
				SWIFT_VERSION = 5.0;
				TARGETED_DEVICE_FAMILY = "1,2";
			};
			name = Release;
		};
/* End XCBuildConfiguration section */

/* Begin XCConfigurationList section */
		E6EA6B3D2B6017EB0046A00C /* Build configuration list for PBXProject "practiceConsumeAPI" */ = {
			isa = XCConfigurationList;
			buildConfigurations = (
				E6EA6B542B6017EE0046A00C /* Debug */,
				E6EA6B552B6017EE0046A00C /* Release */,
			);
			defaultConfigurationIsVisible = 0;
			defaultConfigurationName = Release;
		};
		E6EA6B562B6017EE0046A00C /* Build configuration list for PBXNativeTarget "practiceConsumeAPI" */ = {
			isa = XCConfigurationList;
			buildConfigurations = (
				E6EA6B572B6017EE0046A00C /* Debug */,
				E6EA6B582B6017EE0046A00C /* Release */,
			);
			defaultConfigurationIsVisible = 0;
			defaultConfigurationName = Release;
		};
/* End XCConfigurationList section */
	};
	rootObject = E6EA6B3A2B6017EB0046A00C /* Project object */;
}
